// !$*UTF8*$!
{
	archiveVersion = 1;
	classes = {
	};
	objectVersion = 50;
	objects = {

/* Begin PBXBuildFile section */
		9E21C744268783A40014B90B /* AppDelegate.swift in Sources */ = {isa = PBXBuildFile; fileRef = 9E21C743268783A40014B90B /* AppDelegate.swift */; };
		9E21C746268783A40014B90B /* SceneDelegate.swift in Sources */ = {isa = PBXBuildFile; fileRef = 9E21C745268783A40014B90B /* SceneDelegate.swift */; };
		9E21C74D268783A50014B90B /* Assets.xcassets in Resources */ = {isa = PBXBuildFile; fileRef = 9E21C74C268783A50014B90B /* Assets.xcassets */; };
		9E21C750268783A50014B90B /* LaunchScreen.storyboard in Resources */ = {isa = PBXBuildFile; fileRef = 9E21C74E268783A50014B90B /* LaunchScreen.storyboard */; };
		9E21C75B268783A50014B90B /* TemplateProjectTests.swift in Sources */ = {isa = PBXBuildFile; fileRef = 9E21C75A268783A50014B90B /* TemplateProjectTests.swift */; };
		9E21C766268783A50014B90B /* TemplateProjectUITests.swift in Sources */ = {isa = PBXBuildFile; fileRef = 9E21C765268783A50014B90B /* TemplateProjectUITests.swift */; };
		9E21C774268857BA0014B90B /* APPConfigure.swift in Sources */ = {isa = PBXBuildFile; fileRef = 9E21C773268857BA0014B90B /* APPConfigure.swift */; };
/* End PBXBuildFile section */

/* Begin PBXContainerItemProxy section */
		9E21C757268783A50014B90B /* PBXContainerItemProxy */ = {
			isa = PBXContainerItemProxy;
			containerPortal = 9E21C738268783A40014B90B /* Project object */;
			proxyType = 1;
			remoteGlobalIDString = 9E21C73F268783A40014B90B;
			remoteInfo = TemplateProject;
		};
		9E21C762268783A50014B90B /* PBXContainerItemProxy */ = {
			isa = PBXContainerItemProxy;
			containerPortal = 9E21C738268783A40014B90B /* Project object */;
			proxyType = 1;
			remoteGlobalIDString = 9E21C73F268783A40014B90B;
			remoteInfo = TemplateProject;
		};
/* End PBXContainerItemProxy section */

/* Begin PBXFileReference section */
		9E21C740268783A40014B90B /* TemplateProject.app */ = {isa = PBXFileReference; explicitFileType = wrapper.application; includeInIndex = 0; path = TemplateProject.app; sourceTree = BUILT_PRODUCTS_DIR; };
		9E21C743268783A40014B90B /* AppDelegate.swift */ = {isa = PBXFileReference; lastKnownFileType = sourcecode.swift; path = AppDelegate.swift; sourceTree = "<group>"; };
		9E21C745268783A40014B90B /* SceneDelegate.swift */ = {isa = PBXFileReference; lastKnownFileType = sourcecode.swift; path = SceneDelegate.swift; sourceTree = "<group>"; };
		9E21C74C268783A50014B90B /* Assets.xcassets */ = {isa = PBXFileReference; lastKnownFileType = folder.assetcatalog; path = Assets.xcassets; sourceTree = "<group>"; };
		9E21C74F268783A50014B90B /* Base */ = {isa = PBXFileReference; lastKnownFileType = file.storyboard; name = Base; path = Base.lproj/LaunchScreen.storyboard; sourceTree = "<group>"; };
		9E21C751268783A50014B90B /* Info.plist */ = {isa = PBXFileReference; lastKnownFileType = text.plist.xml; path = Info.plist; sourceTree = "<group>"; };
		9E21C756268783A50014B90B /* TemplateProjectTests.xctest */ = {isa = PBXFileReference; explicitFileType = wrapper.cfbundle; includeInIndex = 0; path = TemplateProjectTests.xctest; sourceTree = BUILT_PRODUCTS_DIR; };
		9E21C75A268783A50014B90B /* TemplateProjectTests.swift */ = {isa = PBXFileReference; lastKnownFileType = sourcecode.swift; path = TemplateProjectTests.swift; sourceTree = "<group>"; };
		9E21C75C268783A50014B90B /* Info.plist */ = {isa = PBXFileReference; lastKnownFileType = text.plist.xml; path = Info.plist; sourceTree = "<group>"; };
		9E21C761268783A50014B90B /* TemplateProjectUITests.xctest */ = {isa = PBXFileReference; explicitFileType = wrapper.cfbundle; includeInIndex = 0; path = TemplateProjectUITests.xctest; sourceTree = BUILT_PRODUCTS_DIR; };
		9E21C765268783A50014B90B /* TemplateProjectUITests.swift */ = {isa = PBXFileReference; lastKnownFileType = sourcecode.swift; path = TemplateProjectUITests.swift; sourceTree = "<group>"; };
		9E21C767268783A50014B90B /* Info.plist */ = {isa = PBXFileReference; lastKnownFileType = text.plist.xml; path = Info.plist; sourceTree = "<group>"; };
		9E21C773268857BA0014B90B /* APPConfigure.swift */ = {isa = PBXFileReference; lastKnownFileType = sourcecode.swift; path = APPConfigure.swift; sourceTree = "<group>"; };
/* End PBXFileReference section */

/* Begin PBXFrameworksBuildPhase section */
		9E21C73D268783A40014B90B /* Frameworks */ = {
			isa = PBXFrameworksBuildPhase;
			buildActionMask = 2147483647;
			files = (
			);
			runOnlyForDeploymentPostprocessing = 0;
		};
		9E21C753268783A50014B90B /* Frameworks */ = {
			isa = PBXFrameworksBuildPhase;
			buildActionMask = 2147483647;
			files = (
			);
			runOnlyForDeploymentPostprocessing = 0;
		};
		9E21C75E268783A50014B90B /* Frameworks */ = {
			isa = PBXFrameworksBuildPhase;
			buildActionMask = 2147483647;
			files = (
			);
			runOnlyForDeploymentPostprocessing = 0;
		};
/* End PBXFrameworksBuildPhase section */

/* Begin PBXGroup section */
		9E21C737268783A40014B90B = {
			isa = PBXGroup;
			children = (
				9E21C742268783A40014B90B /* TemplateProject */,
				9E21C759268783A50014B90B /* TemplateProjectTests */,
				9E21C764268783A50014B90B /* TemplateProjectUITests */,
				9E21C741268783A40014B90B /* Products */,
			);
			sourceTree = "<group>";
		};
		9E21C741268783A40014B90B /* Products */ = {
			isa = PBXGroup;
			children = (
				9E21C740268783A40014B90B /* TemplateProject.app */,
				9E21C756268783A50014B90B /* TemplateProjectTests.xctest */,
				9E21C761268783A50014B90B /* TemplateProjectUITests.xctest */,
			);
			name = Products;
			sourceTree = "<group>";
		};
		9E21C742268783A40014B90B /* TemplateProject */ = {
			isa = PBXGroup;
			children = (
				9E21C743268783A40014B90B /* AppDelegate.swift */,
				9E21C745268783A40014B90B /* SceneDelegate.swift */,
				9E21C773268857BA0014B90B /* APPConfigure.swift */,
				9E21C74C268783A50014B90B /* Assets.xcassets */,
				9E21C74E268783A50014B90B /* LaunchScreen.storyboard */,
				9E21C751268783A50014B90B /* Info.plist */,
			);
			path = TemplateProject;
			sourceTree = "<group>";
		};
		9E21C759268783A50014B90B /* TemplateProjectTests */ = {
			isa = PBXGroup;
			children = (
				9E21C75A268783A50014B90B /* TemplateProjectTests.swift */,
				9E21C75C268783A50014B90B /* Info.plist */,
			);
			path = TemplateProjectTests;
			sourceTree = "<group>";
		};
		9E21C764268783A50014B90B /* TemplateProjectUITests */ = {
			isa = PBXGroup;
			children = (
				9E21C765268783A50014B90B /* TemplateProjectUITests.swift */,
				9E21C767268783A50014B90B /* Info.plist */,
			);
			path = TemplateProjectUITests;
			sourceTree = "<group>";
		};
/* End PBXGroup section */

/* Begin PBXNativeTarget section */
		9E21C73F268783A40014B90B /* TemplateProject */ = {
			isa = PBXNativeTarget;
			buildConfigurationList = 9E21C76A268783A50014B90B /* Build configuration list for PBXNativeTarget "TemplateProject" */;
			buildPhases = (
				9E21C73C268783A40014B90B /* Sources */,
				9E21C73D268783A40014B90B /* Frameworks */,
				9E21C73E268783A40014B90B /* Resources */,
			);
			buildRules = (
			);
			dependencies = (
			);
			name = TemplateProject;
			productName = TemplateProject;
			productReference = 9E21C740268783A40014B90B /* TemplateProject.app */;
			productType = "com.apple.product-type.application";
		};
		9E21C755268783A50014B90B /* TemplateProjectTests */ = {
			isa = PBXNativeTarget;
			buildConfigurationList = 9E21C76D268783A50014B90B /* Build configuration list for PBXNativeTarget "TemplateProjectTests" */;
			buildPhases = (
				9E21C752268783A50014B90B /* Sources */,
				9E21C753268783A50014B90B /* Frameworks */,
				9E21C754268783A50014B90B /* Resources */,
			);
			buildRules = (
			);
			dependencies = (
				9E21C758268783A50014B90B /* PBXTargetDependency */,
			);
			name = TemplateProjectTests;
			productName = TemplateProjectTests;
			productReference = 9E21C756268783A50014B90B /* TemplateProjectTests.xctest */;
			productType = "com.apple.product-type.bundle.unit-test";
		};
		9E21C760268783A50014B90B /* TemplateProjectUITests */ = {
			isa = PBXNativeTarget;
			buildConfigurationList = 9E21C770268783A50014B90B /* Build configuration list for PBXNativeTarget "TemplateProjectUITests" */;
			buildPhases = (
				9E21C75D268783A50014B90B /* Sources */,
				9E21C75E268783A50014B90B /* Frameworks */,
				9E21C75F268783A50014B90B /* Resources */,
			);
			buildRules = (
			);
			dependencies = (
				9E21C763268783A50014B90B /* PBXTargetDependency */,
			);
			name = TemplateProjectUITests;
			productName = TemplateProjectUITests;
			productReference = 9E21C761268783A50014B90B /* TemplateProjectUITests.xctest */;
			productType = "com.apple.product-type.bundle.ui-testing";
		};
/* End PBXNativeTarget section */

/* Begin PBXProject section */
		9E21C738268783A40014B90B /* Project object */ = {
			isa = PBXProject;
			attributes = {
				LastSwiftUpdateCheck = 1250;
				LastUpgradeCheck = 1250;
				TargetAttributes = {
					9E21C73F268783A40014B90B = {
						CreatedOnToolsVersion = 12.5.1;
					};
					9E21C755268783A50014B90B = {
						CreatedOnToolsVersion = 12.5.1;
						TestTargetID = 9E21C73F268783A40014B90B;
					};
					9E21C760268783A50014B90B = {
						CreatedOnToolsVersion = 12.5.1;
						TestTargetID = 9E21C73F268783A40014B90B;
					};
				};
			};
			buildConfigurationList = 9E21C73B268783A40014B90B /* Build configuration list for PBXProject "TemplateProject" */;
			compatibilityVersion = "Xcode 9.3";
			developmentRegion = en;
			hasScannedForEncodings = 0;
			knownRegions = (
				en,
				Base,
			);
			mainGroup = 9E21C737268783A40014B90B;
			productRefGroup = 9E21C741268783A40014B90B /* Products */;
			projectDirPath = "";
			projectRoot = "";
			targets = (
				9E21C73F268783A40014B90B /* TemplateProject */,
				9E21C755268783A50014B90B /* TemplateProjectTests */,
				9E21C760268783A50014B90B /* TemplateProjectUITests */,
			);
		};
/* End PBXProject section */

/* Begin PBXResourcesBuildPhase section */
		9E21C73E268783A40014B90B /* Resources */ = {
			isa = PBXResourcesBuildPhase;
			buildActionMask = 2147483647;
			files = (
				9E21C750268783A50014B90B /* LaunchScreen.storyboard in Resources */,
				9E21C74D268783A50014B90B /* Assets.xcassets in Resources */,
			);
			runOnlyForDeploymentPostprocessing = 0;
		};
		9E21C754268783A50014B90B /* Resources */ = {
			isa = PBXResourcesBuildPhase;
			buildActionMask = 2147483647;
			files = (
			);
			runOnlyForDeploymentPostprocessing = 0;
		};
		9E21C75F268783A50014B90B /* Resources */ = {
			isa = PBXResourcesBuildPhase;
			buildActionMask = 2147483647;
			files = (
			);
			runOnlyForDeploymentPostprocessing = 0;
		};
/* End PBXResourcesBuildPhase section */

/* Begin PBXSourcesBuildPhase section */
		9E21C73C268783A40014B90B /* Sources */ = {
			isa = PBXSourcesBuildPhase;
			buildActionMask = 2147483647;
			files = (
				9E21C774268857BA0014B90B /* APPConfigure.swift in Sources */,
				9E21C744268783A40014B90B /* AppDelegate.swift in Sources */,
				9E21C746268783A40014B90B /* SceneDelegate.swift in Sources */,
			);
			runOnlyForDeploymentPostprocessing = 0;
		};
		9E21C752268783A50014B90B /* Sources */ = {
			isa = PBXSourcesBuildPhase;
			buildActionMask = 2147483647;
			files = (
				9E21C75B268783A50014B90B /* TemplateProjectTests.swift in Sources */,
			);
			runOnlyForDeploymentPostprocessing = 0;
		};
		9E21C75D268783A50014B90B /* Sources */ = {
			isa = PBXSourcesBuildPhase;
			buildActionMask = 2147483647;
			files = (
				9E21C766268783A50014B90B /* TemplateProjectUITests.swift in Sources */,
			);
			runOnlyForDeploymentPostprocessing = 0;
		};
/* End PBXSourcesBuildPhase section */

/* Begin PBXTargetDependency section */
		9E21C758268783A50014B90B /* PBXTargetDependency */ = {
			isa = PBXTargetDependency;
			target = 9E21C73F268783A40014B90B /* TemplateProject */;
			targetProxy = 9E21C757268783A50014B90B /* PBXContainerItemProxy */;
		};
		9E21C763268783A50014B90B /* PBXTargetDependency */ = {
			isa = PBXTargetDependency;
			target = 9E21C73F268783A40014B90B /* TemplateProject */;
			targetProxy = 9E21C762268783A50014B90B /* PBXContainerItemProxy */;
		};
/* End PBXTargetDependency section */

/* Begin PBXVariantGroup section */
		9E21C74E268783A50014B90B /* LaunchScreen.storyboard */ = {
			isa = PBXVariantGroup;
			children = (
				9E21C74F268783A50014B90B /* Base */,
			);
			name = LaunchScreen.storyboard;
			sourceTree = "<group>";
		};
/* End PBXVariantGroup section */

/* Begin XCBuildConfiguration section */
		9E21C768268783A50014B90B /* Debug */ = {
			isa = XCBuildConfiguration;
			buildSettings = {
				ALWAYS_SEARCH_USER_PATHS = NO;
				CLANG_ANALYZER_NONNULL = YES;
				CLANG_ANALYZER_NUMBER_OBJECT_CONVERSION = YES_AGGRESSIVE;
				CLANG_CXX_LANGUAGE_STANDARD = "gnu++14";
				CLANG_CXX_LIBRARY = "libc++";
				CLANG_ENABLE_MODULES = YES;
				CLANG_ENABLE_OBJC_ARC = YES;
				CLANG_ENABLE_OBJC_WEAK = YES;
				CLANG_WARN_BLOCK_CAPTURE_AUTORELEASING = YES;
				CLANG_WARN_BOOL_CONVERSION = YES;
				CLANG_WARN_COMMA = YES;
				CLANG_WARN_CONSTANT_CONVERSION = YES;
				CLANG_WARN_DEPRECATED_OBJC_IMPLEMENTATIONS = YES;
				CLANG_WARN_DIRECT_OBJC_ISA_USAGE = YES_ERROR;
				CLANG_WARN_DOCUMENTATION_COMMENTS = YES;
				CLANG_WARN_EMPTY_BODY = YES;
				CLANG_WARN_ENUM_CONVERSION = YES;
				CLANG_WARN_INFINITE_RECURSION = YES;
				CLANG_WARN_INT_CONVERSION = YES;
				CLANG_WARN_NON_LITERAL_NULL_CONVERSION = YES;
				CLANG_WARN_OBJC_IMPLICIT_RETAIN_SELF = YES;
				CLANG_WARN_OBJC_LITERAL_CONVERSION = YES;
				CLANG_WARN_OBJC_ROOT_CLASS = YES_ERROR;
				CLANG_WARN_QUOTED_INCLUDE_IN_FRAMEWORK_HEADER = YES;
				CLANG_WARN_RANGE_LOOP_ANALYSIS = YES;
				CLANG_WARN_STRICT_PROTOTYPES = YES;
				CLANG_WARN_SUSPICIOUS_MOVE = YES;
				CLANG_WARN_UNGUARDED_AVAILABILITY = YES_AGGRESSIVE;
				CLANG_WARN_UNREACHABLE_CODE = YES;
				CLANG_WARN__DUPLICATE_METHOD_MATCH = YES;
				COPY_PHASE_STRIP = NO;
				DEBUG_INFORMATION_FORMAT = dwarf;
				ENABLE_STRICT_OBJC_MSGSEND = YES;
				ENABLE_TESTABILITY = YES;
				GCC_C_LANGUAGE_STANDARD = gnu11;
				GCC_DYNAMIC_NO_PIC = NO;
				GCC_NO_COMMON_BLOCKS = YES;
				GCC_OPTIMIZATION_LEVEL = 0;
				GCC_PREPROCESSOR_DEFINITIONS = (
					"DEBUG=1",
					"$(inherited)",
				);
				GCC_WARN_64_TO_32_BIT_CONVERSION = YES;
				GCC_WARN_ABOUT_RETURN_TYPE = YES_ERROR;
				GCC_WARN_UNDECLARED_SELECTOR = YES;
				GCC_WARN_UNINITIALIZED_AUTOS = YES_AGGRESSIVE;
				GCC_WARN_UNUSED_FUNCTION = YES;
				GCC_WARN_UNUSED_VARIABLE = YES;
				IPHONEOS_DEPLOYMENT_TARGET = 14.5;
				MTL_ENABLE_DEBUG_INFO = INCLUDE_SOURCE;
				MTL_FAST_MATH = YES;
				ONLY_ACTIVE_ARCH = YES;
				SDKROOT = iphoneos;
				SWIFT_ACTIVE_COMPILATION_CONDITIONS = DEBUG;
				SWIFT_OPTIMIZATION_LEVEL = "-Onone";
			};
			name = Debug;
		};
		9E21C769268783A50014B90B /* Release */ = {
			isa = XCBuildConfiguration;
			buildSettings = {
				ALWAYS_SEARCH_USER_PATHS = NO;
				CLANG_ANALYZER_NONNULL = YES;
				CLANG_ANALYZER_NUMBER_OBJECT_CONVERSION = YES_AGGRESSIVE;
				CLANG_CXX_LANGUAGE_STANDARD = "gnu++14";
				CLANG_CXX_LIBRARY = "libc++";
				CLANG_ENABLE_MODULES = YES;
				CLANG_ENABLE_OBJC_ARC = YES;
				CLANG_ENABLE_OBJC_WEAK = YES;
				CLANG_WARN_BLOCK_CAPTURE_AUTORELEASING = YES;
				CLANG_WARN_BOOL_CONVERSION = YES;
				CLANG_WARN_COMMA = YES;
				CLANG_WARN_CONSTANT_CONVERSION = YES;
				CLANG_WARN_DEPRECATED_OBJC_IMPLEMENTATIONS = YES;
				CLANG_WARN_DIRECT_OBJC_ISA_USAGE = YES_ERROR;
				CLANG_WARN_DOCUMENTATION_COMMENTS = YES;
				CLANG_WARN_EMPTY_BODY = YES;
				CLANG_WARN_ENUM_CONVERSION = YES;
				CLANG_WARN_INFINITE_RECURSION = YES;
				CLANG_WARN_INT_CONVERSION = YES;
				CLANG_WARN_NON_LITERAL_NULL_CONVERSION = YES;
				CLANG_WARN_OBJC_IMPLICIT_RETAIN_SELF = YES;
				CLANG_WARN_OBJC_LITERAL_CONVERSION = YES;
				CLANG_WARN_OBJC_ROOT_CLASS = YES_ERROR;
				CLANG_WARN_QUOTED_INCLUDE_IN_FRAMEWORK_HEADER = YES;
				CLANG_WARN_RANGE_LOOP_ANALYSIS = YES;
				CLANG_WARN_STRICT_PROTOTYPES = YES;
				CLANG_WARN_SUSPICIOUS_MOVE = YES;
				CLANG_WARN_UNGUARDED_AVAILABILITY = YES_AGGRESSIVE;
				CLANG_WARN_UNREACHABLE_CODE = YES;
				CLANG_WARN__DUPLICATE_METHOD_MATCH = YES;
				COPY_PHASE_STRIP = NO;
				DEBUG_INFORMATION_FORMAT = "dwarf-with-dsym";
				ENABLE_NS_ASSERTIONS = NO;
				ENABLE_STRICT_OBJC_MSGSEND = YES;
				GCC_C_LANGUAGE_STANDARD = gnu11;
				GCC_NO_COMMON_BLOCKS = YES;
				GCC_WARN_64_TO_32_BIT_CONVERSION = YES;
				GCC_WARN_ABOUT_RETURN_TYPE = YES_ERROR;
				GCC_WARN_UNDECLARED_SELECTOR = YES;
				GCC_WARN_UNINITIALIZED_AUTOS = YES_AGGRESSIVE;
				GCC_WARN_UNUSED_FUNCTION = YES;
				GCC_WARN_UNUSED_VARIABLE = YES;
				IPHONEOS_DEPLOYMENT_TARGET = 14.5;
				MTL_ENABLE_DEBUG_INFO = NO;
				MTL_FAST_MATH = YES;
				SDKROOT = iphoneos;
				SWIFT_COMPILATION_MODE = wholemodule;
				SWIFT_OPTIMIZATION_LEVEL = "-O";
				VALIDATE_PRODUCT = YES;
			};
			name = Release;
		};
		9E21C76B268783A50014B90B /* Debug */ = {
			isa = XCBuildConfiguration;
			buildSettings = {
				ASSETCATALOG_COMPILER_APPICON_NAME = AppIcon;
				ASSETCATALOG_COMPILER_GLOBAL_ACCENT_COLOR_NAME = AccentColor;
				CODE_SIGN_STYLE = Automatic;
				INFOPLIST_FILE = TemplateProject/Info.plist;
				IPHONEOS_DEPLOYMENT_TARGET = 10.0;
				LD_RUNPATH_SEARCH_PATHS = (
					"$(inherited)",
					"@executable_path/Frameworks",
				);
				PRODUCT_BUNDLE_IDENTIFIER = com.bundleidentifier.TemplateProject;
				PRODUCT_NAME = "$(TARGET_NAME)";
				SWIFT_VERSION = 5.0;
				TARGETED_DEVICE_FAMILY = 1;
			};
			name = Debug;
		};
		9E21C76C268783A50014B90B /* Release */ = {
			isa = XCBuildConfiguration;
			buildSettings = {
				ASSETCATALOG_COMPILER_APPICON_NAME = AppIcon;
				ASSETCATALOG_COMPILER_GLOBAL_ACCENT_COLOR_NAME = AccentColor;
				CODE_SIGN_STYLE = Automatic;
				INFOPLIST_FILE = TemplateProject/Info.plist;
				IPHONEOS_DEPLOYMENT_TARGET = 10.0;
				LD_RUNPATH_SEARCH_PATHS = (
					"$(inherited)",
					"@executable_path/Frameworks",
				);
				PRODUCT_BUNDLE_IDENTIFIER = com.bundleidentifier.TemplateProject;
				PRODUCT_NAME = "$(TARGET_NAME)";
				SWIFT_VERSION = 5.0;
				TARGETED_DEVICE_FAMILY = 1;
			};
			name = Release;
		};
		9E21C76E268783A50014B90B /* Debug */ = {
			isa = XCBuildConfiguration;
			buildSettings = {
				ALWAYS_EMBED_SWIFT_STANDARD_LIBRARIES = YES;
				BUNDLE_LOADER = "$(TEST_HOST)";
				CODE_SIGN_STYLE = Automatic;
				INFOPLIST_FILE = TemplateProjectTests/Info.plist;
				IPHONEOS_DEPLOYMENT_TARGET = 14.5;
				LD_RUNPATH_SEARCH_PATHS = (
					"$(inherited)",
					"@executable_path/Frameworks",
					"@loader_path/Frameworks",
				);
				PRODUCT_BUNDLE_IDENTIFIER = com.bundleidentifier.TemplateProjectTests;
				PRODUCT_NAME = "$(TARGET_NAME)";
				SWIFT_VERSION = 5.0;
				TARGETED_DEVICE_FAMILY = "1,2";
				TEST_HOST = "$(BUILT_PRODUCTS_DIR)/TemplateProject.app/TemplateProject";
			};
			name = Debug;
		};
		9E21C76F268783A50014B90B /* Release */ = {
			isa = XCBuildConfiguration;
			buildSettings = {
				ALWAYS_EMBED_SWIFT_STANDARD_LIBRARIES = YES;
				BUNDLE_LOADER = "$(TEST_HOST)";
				CODE_SIGN_STYLE = Automatic;
				INFOPLIST_FILE = TemplateProjectTests/Info.plist;
				IPHONEOS_DEPLOYMENT_TARGET = 14.5;
				LD_RUNPATH_SEARCH_PATHS = (
					"$(inherited)",
					"@executable_path/Frameworks",
					"@loader_path/Frameworks",
				);
				PRODUCT_BUNDLE_IDENTIFIER = com.bundleidentifier.TemplateProjectTests;
				PRODUCT_NAME = "$(TARGET_NAME)";
				SWIFT_VERSION = 5.0;
				TARGETED_DEVICE_FAMILY = "1,2";
				TEST_HOST = "$(BUILT_PRODUCTS_DIR)/TemplateProject.app/TemplateProject";
			};
			name = Release;
		};
		9E21C771268783A50014B90B /* Debug */ = {
			isa = XCBuildConfiguration;
			buildSettings = {
				ALWAYS_EMBED_SWIFT_STANDARD_LIBRARIES = YES;
				CODE_SIGN_STYLE = Automatic;
				INFOPLIST_FILE = TemplateProjectUITests/Info.plist;
				LD_RUNPATH_SEARCH_PATHS = (
					"$(inherited)",
					"@executable_path/Frameworks",
					"@loader_path/Frameworks",
				);
				PRODUCT_BUNDLE_IDENTIFIER = com.bundleidentifier.TemplateProjectUITests;
				PRODUCT_NAME = "$(TARGET_NAME)";
				SWIFT_VERSION = 5.0;
				TARGETED_DEVICE_FAMILY = "1,2";
				TEST_TARGET_NAME = TemplateProject;
			};
			name = Debug;
		};
		9E21C772268783A50014B90B /* Release */ = {
			isa = XCBuildConfiguration;
			buildSettings = {
				ALWAYS_EMBED_SWIFT_STANDARD_LIBRARIES = YES;
				CODE_SIGN_STYLE = Automatic;
				INFOPLIST_FILE = TemplateProjectUITests/Info.plist;
				LD_RUNPATH_SEARCH_PATHS = (
					"$(inherited)",
					"@executable_path/Frameworks",
					"@loader_path/Frameworks",
				);
				PRODUCT_BUNDLE_IDENTIFIER = com.bundleidentifier.TemplateProjectUITests;
				PRODUCT_NAME = "$(TARGET_NAME)";
				SWIFT_VERSION = 5.0;
				TARGETED_DEVICE_FAMILY = "1,2";
				TEST_TARGET_NAME = TemplateProject;
			};
			name = Release;
		};
/* End XCBuildConfiguration section */

/* Begin XCConfigurationList section */
		9E21C73B268783A40014B90B /* Build configuration list for PBXProject "TemplateProject" */ = {
			isa = XCConfigurationList;
			buildConfigurations = (
				9E21C768268783A50014B90B /* Debug */,
				9E21C769268783A50014B90B /* Release */,
			);
			defaultConfigurationIsVisible = 0;
			defaultConfigurationName = Release;
		};
		9E21C76A268783A50014B90B /* Build configuration list for PBXNativeTarget "TemplateProject" */ = {
			isa = XCConfigurationList;
			buildConfigurations = (
				9E21C76B268783A50014B90B /* Debug */,
				9E21C76C268783A50014B90B /* Release */,
			);
			defaultConfigurationIsVisible = 0;
			defaultConfigurationName = Release;
		};
		9E21C76D268783A50014B90B /* Build configuration list for PBXNativeTarget "TemplateProjectTests" */ = {
			isa = XCConfigurationList;
			buildConfigurations = (
				9E21C76E268783A50014B90B /* Debug */,
				9E21C76F268783A50014B90B /* Release */,
			);
			defaultConfigurationIsVisible = 0;
			defaultConfigurationName = Release;
		};
		9E21C770268783A50014B90B /* Build configuration list for PBXNativeTarget "TemplateProjectUITests" */ = {
			isa = XCConfigurationList;
			buildConfigurations = (
				9E21C771268783A50014B90B /* Debug */,
				9E21C772268783A50014B90B /* Release */,
			);
			defaultConfigurationIsVisible = 0;
			defaultConfigurationName = Release;
		};
/* End XCConfigurationList section */
	};
	rootObject = 9E21C738268783A40014B90B /* Project object */;
}
